
Microsoft Visual Studio Solution File, Format Version 12.00
# Visual Studio 15
VisualStudioVersion = 15.0.27004.2002
MinimumVisualStudioVersion = 10.0.40219.1
Project("{8BC9CEB8-8B4A-11D0-8D11-00A0C91BC942}") = "15 Puzzle", "15 Puzzle\15 Puzzle.vcxproj", "{0528BA12-12B2-475F-A099-EFDAD3A79233}"
EndProject
Global
	GlobalSection(SolutionConfigurationPlatforms) = preSolution
		Debug|x64 = Debug|x64
		Debug|x86 = Debug|x86
		Release|x64 = Release|x64
		Release|x86 = Release|x86
	EndGlobalSection
	GlobalSection(ProjectConfigurationPlatforms) = postSolution
		{0528BA12-12B2-475F-A099-EFDAD3A79233}.Debug|x64.ActiveCfg = Debug|x64
		{0528BA12-12B2-475F-A099-EFDAD3A79233}.Debug|x64.Build.0 = Debug|x64
		{0528BA12-12B2-475F-A099-EFDAD3A79233}.Debug|x86.ActiveCfg = Debug|Win32
		{0528BA12-12B2-475F-A099-EFDAD3A79233}.Debug|x86.Build.0 = Debug|Win32
		{0528BA12-12B2-475F-A099-EFDAD3A79233}.Release|x64.ActiveCfg = Release|x64
		{0528BA12-12B2-475F-A099-EFDAD3A79233}.Release|x64.Build.0 = Release|x64
		{0528BA12-12B2-475F-A099-EFDAD3A79233}.Release|x86.ActiveCfg = Release|Win32
		{0528BA12-12B2-475F-A099-EFDAD3A79233}.Release|x86.Build.0 = Release|Win32
	EndGlobalSection
	GlobalSection(SolutionProperties) = preSolution
		HideSolutionNode = FALSE
	EndGlobalSection
	GlobalSection(ExtensibilityGlobals) = postSolution
		SolutionGuid = {71630558-0007-4CE5-B191-9C9E52F15A60}
	EndGlobalSection
EndGlobal
